
Microsoft Visual Studio Solution File, Format Version 12.00
# Visual Studio 15
VisualStudioVersion = 15.0.28307.136
MinimumVisualStudioVersion = 10.0.40219.1
Project("{FAE04EC0-301F-11D3-BF4B-00C04F79EFBC}") = "DFS_BFS", "DFS_BFS\DFS_BFS.csproj", "{F76812F5-6B8D-4687-97E8-AF763DB7B371}"
EndProject
Global
	GlobalSection(SolutionConfigurationPlatforms) = preSolution
		Debug|Any CPU = Debug|Any CPU
		Release|Any CPU = Release|Any CPU
	EndGlobalSection
	GlobalSection(ProjectConfigurationPlatforms) = postSolution
		{F76812F5-6B8D-4687-97E8-AF763DB7B371}.Debug|Any CPU.ActiveCfg = Debug|Any CPU
		{F76812F5-6B8D-4687-97E8-AF763DB7B371}.Debug|Any CPU.Build.0 = Debug|Any CPU
		{F76812F5-6B8D-4687-97E8-AF763DB7B371}.Release|Any CPU.ActiveCfg = Release|Any CPU
		{F76812F5-6B8D-4687-97E8-AF763DB7B371}.Release|Any CPU.Build.0 = Release|Any CPU
	EndGlobalSection
	GlobalSection(SolutionProperties) = preSolution
		HideSolutionNode = FALSE
	EndGlobalSection
	GlobalSection(ExtensibilityGlobals) = postSolution
		SolutionGuid = {56C57F44-64AE-4AB3-A3E8-B355026F5350}
	EndGlobalSection
EndGlobal
